
Microsoft Visual Studio Solution File, Format Version 12.00
# Visual Studio Version 17
VisualStudioVersion = 17.11.35312.102
MinimumVisualStudioVersion = 10.0.40219.1
Project("{FAE04EC0-301F-11D3-BF4B-00C04F79EFBC}") = "patika_w1_milyonerUyg", "patika_w1_milyonerUyg\patika_w1_milyonerUyg.csproj", "{3EAA5D93-77E7-40CC-B8EF-E6D41EE295C5}"
EndProject
Global
	GlobalSection(SolutionConfigurationPlatforms) = preSolution
		Debug|Any CPU = Debug|Any CPU
		Release|Any CPU = Release|Any CPU
	EndGlobalSection
	GlobalSection(ProjectConfigurationPlatforms) = postSolution
		{3EAA5D93-77E7-40CC-B8EF-E6D41EE295C5}.Debug|Any CPU.ActiveCfg = Debug|Any CPU
		{3EAA5D93-77E7-40CC-B8EF-E6D41EE295C5}.Debug|Any CPU.Build.0 = Debug|Any CPU
		{3EAA5D93-77E7-40CC-B8EF-E6D41EE295C5}.Release|Any CPU.ActiveCfg = Release|Any CPU
		{3EAA5D93-77E7-40CC-B8EF-E6D41EE295C5}.Release|Any CPU.Build.0 = Release|Any CPU
	EndGlobalSection
	GlobalSection(SolutionProperties) = preSolution
		HideSolutionNode = FALSE
	EndGlobalSection
	GlobalSection(ExtensibilityGlobals) = postSolution
		SolutionGuid = {C245948F-1B8A-49F1-B460-22F214546058}
	EndGlobalSection
EndGlobal
